
Microsoft Visual Studio Solution File, Format Version 12.00
# Visual Studio Version 16
VisualStudioVersion = 16.0.28917.181
MinimumVisualStudioVersion = 10.0.40219.1
Project("{FAE04EC0-301F-11D3-BF4B-00C04F79EFBC}") = "SlideGen", "SlideGen\SlideGen.csproj", "{68EDB64F-BAF9-4241-ADDD-296BAD723C66}"
EndProject
Project("{FAE04EC0-301F-11D3-BF4B-00C04F79EFBC}") = "SlideGenTest", "SlideGenTest\SlideGenTest.csproj", "{D39212A3-824C-41AE-AFA4-7CFCD6835266}"
EndProject
Global
	GlobalSection(SolutionConfigurationPlatforms) = preSolution
		Debug|Any CPU = Debug|Any CPU
		Release|Any CPU = Release|Any CPU
	EndGlobalSection
	GlobalSection(ProjectConfigurationPlatforms) = postSolution
		{68EDB64F-BAF9-4241-ADDD-296BAD723C66}.Debug|Any CPU.ActiveCfg = Debug|Any CPU
		{68EDB64F-BAF9-4241-ADDD-296BAD723C66}.Debug|Any CPU.Build.0 = Debug|Any CPU
		{68EDB64F-BAF9-4241-ADDD-296BAD723C66}.Release|Any CPU.ActiveCfg = Release|Any CPU
		{68EDB64F-BAF9-4241-ADDD-296BAD723C66}.Release|Any CPU.Build.0 = Release|Any CPU
		{D39212A3-824C-41AE-AFA4-7CFCD6835266}.Debug|Any CPU.ActiveCfg = Debug|Any CPU
		{D39212A3-824C-41AE-AFA4-7CFCD6835266}.Debug|Any CPU.Build.0 = Debug|Any CPU
		{D39212A3-824C-41AE-AFA4-7CFCD6835266}.Release|Any CPU.ActiveCfg = Release|Any CPU
		{D39212A3-824C-41AE-AFA4-7CFCD6835266}.Release|Any CPU.Build.0 = Release|Any CPU
	EndGlobalSection
	GlobalSection(SolutionProperties) = preSolution
		HideSolutionNode = FALSE
	EndGlobalSection
	GlobalSection(ExtensibilityGlobals) = postSolution
		SolutionGuid = {8370D7BE-232A-427C-96EA-0E620F31CACD}
	EndGlobalSection
EndGlobal
